
Microsoft Visual Studio Solution File, Format Version 12.00
# Visual Studio 14
VisualStudioVersion = 14.0.24720.0
MinimumVisualStudioVersion = 10.0.40219.1
Project("{FAE04EC0-301F-11D3-BF4B-00C04F79EFBC}") = "RejectRecognition", "RejectRecognition\RejectRecognition.csproj", "{470CE212-4052-4688-825C-68414D64577B}"
EndProject
Project("{FAE04EC0-301F-11D3-BF4B-00C04F79EFBC}") = "RejectRecognGUI", "RejectRecognGUI\RejectRecognGUI.csproj", "{C7F79548-D24B-4FAE-AB2C-1312FB8D3846}"
EndProject
Global
	GlobalSection(SolutionConfigurationPlatforms) = preSolution
		Debug|Any CPU = Debug|Any CPU
		Release|Any CPU = Release|Any CPU
	EndGlobalSection
	GlobalSection(ProjectConfigurationPlatforms) = postSolution
		{470CE212-4052-4688-825C-68414D64577B}.Debug|Any CPU.ActiveCfg = Debug|Any CPU
		{470CE212-4052-4688-825C-68414D64577B}.Debug|Any CPU.Build.0 = Debug|Any CPU
		{470CE212-4052-4688-825C-68414D64577B}.Release|Any CPU.ActiveCfg = Release|Any CPU
		{470CE212-4052-4688-825C-68414D64577B}.Release|Any CPU.Build.0 = Release|Any CPU
		{C7F79548-D24B-4FAE-AB2C-1312FB8D3846}.Debug|Any CPU.ActiveCfg = Debug|Any CPU
		{C7F79548-D24B-4FAE-AB2C-1312FB8D3846}.Debug|Any CPU.Build.0 = Debug|Any CPU
		{C7F79548-D24B-4FAE-AB2C-1312FB8D3846}.Release|Any CPU.ActiveCfg = Release|Any CPU
		{C7F79548-D24B-4FAE-AB2C-1312FB8D3846}.Release|Any CPU.Build.0 = Release|Any CPU
	EndGlobalSection
	GlobalSection(SolutionProperties) = preSolution
		HideSolutionNode = FALSE
	EndGlobalSection
EndGlobal
